// !$*UTF8*$!
{
	archiveVersion = 1;
	classes = {
	};
	objectVersion = 46;
	objects = {

/* Begin PBXBuildFile section */
		B440C7D31DE7CE29000798B0 /* main.m in Sources */ = {isa = PBXBuildFile; fileRef = B440C7D21DE7CE29000798B0 /* main.m */; };
		B440C7D61DE7CE29000798B0 /* AppDelegate.m in Sources */ = {isa = PBXBuildFile; fileRef = B440C7D51DE7CE29000798B0 /* AppDelegate.m */; };
		B440C7D91DE7CE29000798B0 /* ViewController.m in Sources */ = {isa = PBXBuildFile; fileRef = B440C7D81DE7CE29000798B0 /* ViewController.m */; };
		B440C7DC1DE7CE29000798B0 /* Main.storyboard in Resources */ = {isa = PBXBuildFile; fileRef = B440C7DA1DE7CE29000798B0 /* Main.storyboard */; };
		B440C7DE1DE7CE29000798B0 /* Assets.xcassets in Resources */ = {isa = PBXBuildFile; fileRef = B440C7DD1DE7CE29000798B0 /* Assets.xcassets */; };
		B440C7E11DE7CE29000798B0 /* LaunchScreen.storyboard in Resources */ = {isa = PBXBuildFile; fileRef = B440C7DF1DE7CE29000798B0 /* LaunchScreen.storyboard */; };
		B440C7EA1DE7CE7E000798B0 /* Person.pbobjc.m in Sources */ = {isa = PBXBuildFile; fileRef = B440C7E91DE7CE7E000798B0 /* Person.pbobjc.m */; };
		B440C8581DE7D0A1000798B0 /* GPBArray.m in Sources */ = {isa = PBXBuildFile; fileRef = B440C82E1DE7D0A1000798B0 /* GPBArray.m */; };
		B440C8591DE7D0A1000798B0 /* GPBCodedInputStream.m in Sources */ = {isa = PBXBuildFile; fileRef = B440C8321DE7D0A1000798B0 /* GPBCodedInputStream.m */; };
		B440C85A1DE7D0A1000798B0 /* GPBCodedOutputStream.m in Sources */ = {isa = PBXBuildFile; fileRef = B440C8351DE7D0A1000798B0 /* GPBCodedOutputStream.m */; };
		B440C85B1DE7D0A1000798B0 /* GPBDescriptor.m in Sources */ = {isa = PBXBuildFile; fileRef = B440C8381DE7D0A1000798B0 /* GPBDescriptor.m */; };
		B440C85C1DE7D0A1000798B0 /* GPBDictionary.m in Sources */ = {isa = PBXBuildFile; fileRef = B440C83B1DE7D0A1000798B0 /* GPBDictionary.m */; };
		B440C85D1DE7D0A1000798B0 /* GPBExtensionInternals.m in Sources */ = {isa = PBXBuildFile; fileRef = B440C83E1DE7D0A1000798B0 /* GPBExtensionInternals.m */; };
		B440C85E1DE7D0A1000798B0 /* GPBExtensionRegistry.m in Sources */ = {isa = PBXBuildFile; fileRef = B440C8401DE7D0A1000798B0 /* GPBExtensionRegistry.m */; };
		B440C85F1DE7D0A1000798B0 /* GPBMessage.m in Sources */ = {isa = PBXBuildFile; fileRef = B440C8421DE7D0A1000798B0 /* GPBMessage.m */; };
		B440C8611DE7D0A1000798B0 /* GPBRootObject.m in Sources */ = {isa = PBXBuildFile; fileRef = B440C8481DE7D0A1000798B0 /* GPBRootObject.m */; };
		B440C8621DE7D0A1000798B0 /* GPBUnknownField.m in Sources */ = {isa = PBXBuildFile; fileRef = B440C84C1DE7D0A1000798B0 /* GPBUnknownField.m */; };
		B440C8631DE7D0A1000798B0 /* GPBUnknownFieldSet.m in Sources */ = {isa = PBXBuildFile; fileRef = B440C84F1DE7D0A1000798B0 /* GPBUnknownFieldSet.m */; };
		B440C8641DE7D0A1000798B0 /* GPBUtilities.m in Sources */ = {isa = PBXBuildFile; fileRef = B440C8521DE7D0A1000798B0 /* GPBUtilities.m */; };
		B440C8651DE7D0A1000798B0 /* GPBWellKnownTypes.m in Sources */ = {isa = PBXBuildFile; fileRef = B440C8551DE7D0A1000798B0 /* GPBWellKnownTypes.m */; };
		B440C8661DE7D0A1000798B0 /* GPBWireFormat.m in Sources */ = {isa = PBXBuildFile; fileRef = B440C8571DE7D0A1000798B0 /* GPBWireFormat.m */; };
		B440C87D1DE7D11D000798B0 /* Any.pbobjc.m in Sources */ = {isa = PBXBuildFile; fileRef = B440C86A1DE7D11D000798B0 /* Any.pbobjc.m */; };
		B440C87E1DE7D11D000798B0 /* Api.pbobjc.m in Sources */ = {isa = PBXBuildFile; fileRef = B440C86C1DE7D11D000798B0 /* Api.pbobjc.m */; };
		B440C87F1DE7D11D000798B0 /* Duration.pbobjc.m in Sources */ = {isa = PBXBuildFile; fileRef = B440C86E1DE7D11D000798B0 /* Duration.pbobjc.m */; };
		B440C8801DE7D11D000798B0 /* Empty.pbobjc.m in Sources */ = {isa = PBXBuildFile; fileRef = B440C8701DE7D11D000798B0 /* Empty.pbobjc.m */; };
		B440C8811DE7D11D000798B0 /* FieldMask.pbobjc.m in Sources */ = {isa = PBXBuildFile; fileRef = B440C8721DE7D11D000798B0 /* FieldMask.pbobjc.m */; };
		B440C8821DE7D11D000798B0 /* SourceContext.pbobjc.m in Sources */ = {isa = PBXBuildFile; fileRef = B440C8741DE7D11D000798B0 /* SourceContext.pbobjc.m */; };
		B440C8831DE7D11D000798B0 /* Struct.pbobjc.m in Sources */ = {isa = PBXBuildFile; fileRef = B440C8761DE7D11D000798B0 /* Struct.pbobjc.m */; };
		B440C8841DE7D11D000798B0 /* Timestamp.pbobjc.m in Sources */ = {isa = PBXBuildFile; fileRef = B440C8781DE7D11D000798B0 /* Timestamp.pbobjc.m */; };
		B440C8851DE7D11D000798B0 /* Type.pbobjc.m in Sources */ = {isa = PBXBuildFile; fileRef = B440C87A1DE7D11D000798B0 /* Type.pbobjc.m */; };
		B440C8861DE7D11D000798B0 /* Wrappers.pbobjc.m in Sources */ = {isa = PBXBuildFile; fileRef = B440C87C1DE7D11D000798B0 /* Wrappers.pbobjc.m */; };
		B440C8881DE7E3CB000798B0 /* Person.proto in Resources */ = {isa = PBXBuildFile; fileRef = B440C8871DE7E3CB000798B0 /* Person.proto */; };
/* End PBXBuildFile section */

/* Begin PBXFileReference section */
		B440C7CE1DE7CE29000798B0 /* GBPDemo.app */ = {isa = PBXFileReference; explicitFileType = wrapper.application; includeInIndex = 0; path = GBPDemo.app; sourceTree = BUILT_PRODUCTS_DIR; };
		B440C7D21DE7CE29000798B0 /* main.m */ = {isa = PBXFileReference; lastKnownFileType = sourcecode.c.objc; path = main.m; sourceTree = "<group>"; };
		B440C7D41DE7CE29000798B0 /* AppDelegate.h */ = {isa = PBXFileReference; lastKnownFileType = sourcecode.c.h; path = AppDelegate.h; sourceTree = "<group>"; };
		B440C7D51DE7CE29000798B0 /* AppDelegate.m */ = {isa = PBXFileReference; lastKnownFileType = sourcecode.c.objc; path = AppDelegate.m; sourceTree = "<group>"; };
		B440C7D71DE7CE29000798B0 /* ViewController.h */ = {isa = PBXFileReference; lastKnownFileType = sourcecode.c.h; path = ViewController.h; sourceTree = "<group>"; };
		B440C7D81DE7CE29000798B0 /* ViewController.m */ = {isa = PBXFileReference; lastKnownFileType = sourcecode.c.objc; path = ViewController.m; sourceTree = "<group>"; };
		B440C7DB1DE7CE29000798B0 /* Base */ = {isa = PBXFileReference; lastKnownFileType = file.storyboard; name = Base; path = Base.lproj/Main.storyboard; sourceTree = "<group>"; };
		B440C7DD1DE7CE29000798B0 /* Assets.xcassets */ = {isa = PBXFileReference; lastKnownFileType = folder.assetcatalog; path = Assets.xcassets; sourceTree = "<group>"; };
		B440C7E01DE7CE29000798B0 /* Base */ = {isa = PBXFileReference; lastKnownFileType = file.storyboard; name = Base; path = Base.lproj/LaunchScreen.storyboard; sourceTree = "<group>"; };
		B440C7E21DE7CE29000798B0 /* Info.plist */ = {isa = PBXFileReference; lastKnownFileType = text.plist.xml; path = Info.plist; sourceTree = "<group>"; };
		B440C7E81DE7CE7E000798B0 /* Person.pbobjc.h */ = {isa = PBXFileReference; fileEncoding = 4; lastKnownFileType = sourcecode.c.h; path = Person.pbobjc.h; sourceTree = "<group>"; };
		B440C7E91DE7CE7E000798B0 /* Person.pbobjc.m */ = {isa = PBXFileReference; fileEncoding = 4; lastKnownFileType = sourcecode.c.objc; path = Person.pbobjc.m; sourceTree = "<group>"; };
		B440C82D1DE7D0A1000798B0 /* GPBArray.h */ = {isa = PBXFileReference; fileEncoding = 4; lastKnownFileType = sourcecode.c.h; path = GPBArray.h; sourceTree = "<group>"; };
		B440C82E1DE7D0A1000798B0 /* GPBArray.m */ = {isa = PBXFileReference; fileEncoding = 4; lastKnownFileType = sourcecode.c.objc; path = GPBArray.m; sourceTree = "<group>"; };
		B440C82F1DE7D0A1000798B0 /* GPBArray_PackagePrivate.h */ = {isa = PBXFileReference; fileEncoding = 4; lastKnownFileType = sourcecode.c.h; path = GPBArray_PackagePrivate.h; sourceTree = "<group>"; };
		B440C8301DE7D0A1000798B0 /* GPBBootstrap.h */ = {isa = PBXFileReference; fileEncoding = 4; lastKnownFileType = sourcecode.c.h; path = GPBBootstrap.h; sourceTree = "<group>"; };
		B440C8311DE7D0A1000798B0 /* GPBCodedInputStream.h */ = {isa = PBXFileReference; fileEncoding = 4; lastKnownFileType = sourcecode.c.h; path = GPBCodedInputStream.h; sourceTree = "<group>"; };
		B440C8321DE7D0A1000798B0 /* GPBCodedInputStream.m */ = {isa = PBXFileReference; fileEncoding = 4; lastKnownFileType = sourcecode.c.objc; path = GPBCodedInputStream.m; sourceTree = "<group>"; };
		B440C8331DE7D0A1000798B0 /* GPBCodedInputStream_PackagePrivate.h */ = {isa = PBXFileReference; fileEncoding = 4; lastKnownFileType = sourcecode.c.h; path = GPBCodedInputStream_PackagePrivate.h; sourceTree = "<group>"; };
		B440C8341DE7D0A1000798B0 /* GPBCodedOutputStream.h */ = {isa = PBXFileReference; fileEncoding = 4; lastKnownFileType = sourcecode.c.h; path = GPBCodedOutputStream.h; sourceTree = "<group>"; };
		B440C8351DE7D0A1000798B0 /* GPBCodedOutputStream.m */ = {isa = PBXFileReference; fileEncoding = 4; lastKnownFileType = sourcecode.c.objc; path = GPBCodedOutputStream.m; sourceTree = "<group>"; };
		B440C8361DE7D0A1000798B0 /* GPBCodedOutputStream_PackagePrivate.h */ = {isa = PBXFileReference; fileEncoding = 4; lastKnownFileType = sourcecode.c.h; path = GPBCodedOutputStream_PackagePrivate.h; sourceTree = "<group>"; };
		B440C8371DE7D0A1000798B0 /* GPBDescriptor.h */ = {isa = PBXFileReference; fileEncoding = 4; lastKnownFileType = sourcecode.c.h; path = GPBDescriptor.h; sourceTree = "<group>"; };
		B440C8381DE7D0A1000798B0 /* GPBDescriptor.m */ = {isa = PBXFileReference; fileEncoding = 4; lastKnownFileType = sourcecode.c.objc; path = GPBDescriptor.m; sourceTree = "<group>"; };
		B440C8391DE7D0A1000798B0 /* GPBDescriptor_PackagePrivate.h */ = {isa = PBXFileReference; fileEncoding = 4; lastKnownFileType = sourcecode.c.h; path = GPBDescriptor_PackagePrivate.h; sourceTree = "<group>"; };
		B440C83A1DE7D0A1000798B0 /* GPBDictionary.h */ = {isa = PBXFileReference; fileEncoding = 4; lastKnownFileType = sourcecode.c.h; path = GPBDictionary.h; sourceTree = "<group>"; };
		B440C83B1DE7D0A1000798B0 /* GPBDictionary.m */ = {isa = PBXFileReference; fileEncoding = 4; lastKnownFileType = sourcecode.c.objc; path = GPBDictionary.m; sourceTree = "<group>"; };
		B440C83C1DE7D0A1000798B0 /* GPBDictionary_PackagePrivate.h */ = {isa = PBXFileReference; fileEncoding = 4; lastKnownFileType = sourcecode.c.h; path = GPBDictionary_PackagePrivate.h; sourceTree = "<group>"; };
		B440C83D1DE7D0A1000798B0 /* GPBExtensionInternals.h */ = {isa = PBXFileReference; fileEncoding = 4; lastKnownFileType = sourcecode.c.h; path = GPBExtensionInternals.h; sourceTree = "<group>"; };
		B440C83E1DE7D0A1000798B0 /* GPBExtensionInternals.m */ = {isa = PBXFileReference; fileEncoding = 4; lastKnownFileType = sourcecode.c.objc; path = GPBExtensionInternals.m; sourceTree = "<group>"; };
		B440C83F1DE7D0A1000798B0 /* GPBExtensionRegistry.h */ = {isa = PBXFileReference; fileEncoding = 4; lastKnownFileType = sourcecode.c.h; path = GPBExtensionRegistry.h; sourceTree = "<group>"; };
		B440C8401DE7D0A1000798B0 /* GPBExtensionRegistry.m */ = {isa = PBXFileReference; fileEncoding = 4; lastKnownFileType = sourcecode.c.objc; path = GPBExtensionRegistry.m; sourceTree = "<group>"; };
		B440C8411DE7D0A1000798B0 /* GPBMessage.h */ = {isa = PBXFileReference; fileEncoding = 4; lastKnownFileType = sourcecode.c.h; path = GPBMessage.h; sourceTree = "<group>"; };
		B440C8421DE7D0A1000798B0 /* GPBMessage.m */ = {isa = PBXFileReference; fileEncoding = 4; lastKnownFileType = sourcecode.c.objc; path = GPBMessage.m; sourceTree = "<group>"; };
		B440C8431DE7D0A1000798B0 /* GPBMessage_PackagePrivate.h */ = {isa = PBXFileReference; fileEncoding = 4; lastKnownFileType = sourcecode.c.h; path = GPBMessage_PackagePrivate.h; sourceTree = "<group>"; };
		B440C8441DE7D0A1000798B0 /* GPBProtocolBuffers.h */ = {isa = PBXFileReference; fileEncoding = 4; lastKnownFileType = sourcecode.c.h; path = GPBProtocolBuffers.h; sourceTree = "<group>"; };
		B440C8461DE7D0A1000798B0 /* GPBProtocolBuffers_RuntimeSupport.h */ = {isa = PBXFileReference; fileEncoding = 4; lastKnownFileType = sourcecode.c.h; path = GPBProtocolBuffers_RuntimeSupport.h; sourceTree = "<group>"; };
		B440C8471DE7D0A1000798B0 /* GPBRootObject.h */ = {isa = PBXFileReference; fileEncoding = 4; lastKnownFileType = sourcecode.c.h; path = GPBRootObject.h; sourceTree = "<group>"; };
		B440C8481DE7D0A1000798B0 /* GPBRootObject.m */ = {isa = PBXFileReference; fileEncoding = 4; lastKnownFileType = sourcecode.c.objc; path = GPBRootObject.m; sourceTree = "<group>"; };
		B440C8491DE7D0A1000798B0 /* GPBRootObject_PackagePrivate.h */ = {isa = PBXFileReference; fileEncoding = 4; lastKnownFileType = sourcecode.c.h; path = GPBRootObject_PackagePrivate.h; sourceTree = "<group>"; };
		B440C84A1DE7D0A1000798B0 /* GPBRuntimeTypes.h */ = {isa = PBXFileReference; fileEncoding = 4; lastKnownFileType = sourcecode.c.h; path = GPBRuntimeTypes.h; sourceTree = "<group>"; };
		B440C84B1DE7D0A1000798B0 /* GPBUnknownField.h */ = {isa = PBXFileReference; fileEncoding = 4; lastKnownFileType = sourcecode.c.h; path = GPBUnknownField.h; sourceTree = "<group>"; };
		B440C84C1DE7D0A1000798B0 /* GPBUnknownField.m */ = {isa = PBXFileReference; fileEncoding = 4; lastKnownFileType = sourcecode.c.objc; path = GPBUnknownField.m; sourceTree = "<group>"; };
		B440C84D1DE7D0A1000798B0 /* GPBUnknownField_PackagePrivate.h */ = {isa = PBXFileReference; fileEncoding = 4; lastKnownFileType = sourcecode.c.h; path = GPBUnknownField_PackagePrivate.h; sourceTree = "<group>"; };
		B440C84E1DE7D0A1000798B0 /* GPBUnknownFieldSet.h */ = {isa = PBXFileReference; fileEncoding = 4; lastKnownFileType = sourcecode.c.h; path = GPBUnknownFieldSet.h; sourceTree = "<group>"; };
		B440C84F1DE7D0A1000798B0 /* GPBUnknownFieldSet.m */ = {isa = PBXFileReference; fileEncoding = 4; lastKnownFileType = sourcecode.c.objc; path = GPBUnknownFieldSet.m; sourceTree = "<group>"; };
		B440C8501DE7D0A1000798B0 /* GPBUnknownFieldSet_PackagePrivate.h */ = {isa = PBXFileReference; fileEncoding = 4; lastKnownFileType = sourcecode.c.h; path = GPBUnknownFieldSet_PackagePrivate.h; sourceTree = "<group>"; };
		B440C8511DE7D0A1000798B0 /* GPBUtilities.h */ = {isa = PBXFileReference; fileEncoding = 4; lastKnownFileType = sourcecode.c.h; path = GPBUtilities.h; sourceTree = "<group>"; };
		B440C8521DE7D0A1000798B0 /* GPBUtilities.m */ = {isa = PBXFileReference; fileEncoding = 4; lastKnownFileType = sourcecode.c.objc; path = GPBUtilities.m; sourceTree = "<group>"; };
		B440C8531DE7D0A1000798B0 /* GPBUtilities_PackagePrivate.h */ = {isa = PBXFileReference; fileEncoding = 4; lastKnownFileType = sourcecode.c.h; path = GPBUtilities_PackagePrivate.h; sourceTree = "<group>"; };
		B440C8541DE7D0A1000798B0 /* GPBWellKnownTypes.h */ = {isa = PBXFileReference; fileEncoding = 4; lastKnownFileType = sourcecode.c.h; path = GPBWellKnownTypes.h; sourceTree = "<group>"; };
		B440C8551DE7D0A1000798B0 /* GPBWellKnownTypes.m */ = {isa = PBXFileReference; fileEncoding = 4; lastKnownFileType = sourcecode.c.objc; path = GPBWellKnownTypes.m; sourceTree = "<group>"; };
		B440C8561DE7D0A1000798B0 /* GPBWireFormat.h */ = {isa = PBXFileReference; fileEncoding = 4; lastKnownFileType = sourcecode.c.h; path = GPBWireFormat.h; sourceTree = "<group>"; };
		B440C8571DE7D0A1000798B0 /* GPBWireFormat.m */ = {isa = PBXFileReference; fileEncoding = 4; lastKnownFileType = sourcecode.c.objc; path = GPBWireFormat.m; sourceTree = "<group>"; };
		B440C8691DE7D11D000798B0 /* Any.pbobjc.h */ = {isa = PBXFileReference; fileEncoding = 4; lastKnownFileType = sourcecode.c.h; path = Any.pbobjc.h; sourceTree = "<group>"; };
		B440C86A1DE7D11D000798B0 /* Any.pbobjc.m */ = {isa = PBXFileReference; fileEncoding = 4; lastKnownFileType = sourcecode.c.objc; path = Any.pbobjc.m; sourceTree = "<group>"; };
		B440C86B1DE7D11D000798B0 /* Api.pbobjc.h */ = {isa = PBXFileReference; fileEncoding = 4; lastKnownFileType = sourcecode.c.h; path = Api.pbobjc.h; sourceTree = "<group>"; };
		B440C86C1DE7D11D000798B0 /* Api.pbobjc.m */ = {isa = PBXFileReference; fileEncoding = 4; lastKnownFileType = sourcecode.c.objc; path = Api.pbobjc.m; sourceTree = "<group>"; };
		B440C86D1DE7D11D000798B0 /* Duration.pbobjc.h */ = {isa = PBXFileReference; fileEncoding = 4; lastKnownFileType = sourcecode.c.h; path = Duration.pbobjc.h; sourceTree = "<group>"; };
		B440C86E1DE7D11D000798B0 /* Duration.pbobjc.m */ = {isa = PBXFileReference; fileEncoding = 4; lastKnownFileType = sourcecode.c.objc; path = Duration.pbobjc.m; sourceTree = "<group>"; };
		B440C86F1DE7D11D000798B0 /* Empty.pbobjc.h */ = {isa = PBXFileReference; fileEncoding = 4; lastKnownFileType = sourcecode.c.h; path = Empty.pbobjc.h; sourceTree = "<group>"; };
		B440C8701DE7D11D000798B0 /* Empty.pbobjc.m */ = {isa = PBXFileReference; fileEncoding = 4; lastKnownFileType = sourcecode.c.objc; path = Empty.pbobjc.m; sourceTree = "<group>"; };
		B440C8711DE7D11D000798B0 /* FieldMask.pbobjc.h */ = {isa = PBXFileReference; fileEncoding = 4; lastKnownFileType = sourcecode.c.h; path = FieldMask.pbobjc.h; sourceTree = "<group>"; };
		B440C8721DE7D11D000798B0 /* FieldMask.pbobjc.m */ = {isa = PBXFileReference; fileEncoding = 4; lastKnownFileType = sourcecode.c.objc; path = FieldMask.pbobjc.m; sourceTree = "<group>"; };
		B440C8731DE7D11D000798B0 /* SourceContext.pbobjc.h */ = {isa = PBXFileReference; fileEncoding = 4; lastKnownFileType = sourcecode.c.h; path = SourceContext.pbobjc.h; sourceTree = "<group>"; };
		B440C8741DE7D11D000798B0 /* SourceContext.pbobjc.m */ = {isa = PBXFileReference; fileEncoding = 4; lastKnownFileType = sourcecode.c.objc; path = SourceContext.pbobjc.m; sourceTree = "<group>"; };
		B440C8751DE7D11D000798B0 /* Struct.pbobjc.h */ = {isa = PBXFileReference; fileEncoding = 4; lastKnownFileType = sourcecode.c.h; path = Struct.pbobjc.h; sourceTree = "<group>"; };
		B440C8761DE7D11D000798B0 /* Struct.pbobjc.m */ = {isa = PBXFileReference; fileEncoding = 4; lastKnownFileType = sourcecode.c.objc; path = Struct.pbobjc.m; sourceTree = "<group>"; };
		B440C8771DE7D11D000798B0 /* Timestamp.pbobjc.h */ = {isa = PBXFileReference; fileEncoding = 4; lastKnownFileType = sourcecode.c.h; path = Timestamp.pbobjc.h; sourceTree = "<group>"; };
		B440C8781DE7D11D000798B0 /* Timestamp.pbobjc.m */ = {isa = PBXFileReference; fileEncoding = 4; lastKnownFileType = sourcecode.c.objc; path = Timestamp.pbobjc.m; sourceTree = "<group>"; };
		B440C8791DE7D11D000798B0 /* Type.pbobjc.h */ = {isa = PBXFileReference; fileEncoding = 4; lastKnownFileType = sourcecode.c.h; path = Type.pbobjc.h; sourceTree = "<group>"; };
		B440C87A1DE7D11D000798B0 /* Type.pbobjc.m */ = {isa = PBXFileReference; fileEncoding = 4; lastKnownFileType = sourcecode.c.objc; path = Type.pbobjc.m; sourceTree = "<group>"; };
		B440C87B1DE7D11D000798B0 /* Wrappers.pbobjc.h */ = {isa = PBXFileReference; fileEncoding = 4; lastKnownFileType = sourcecode.c.h; path = Wrappers.pbobjc.h; sourceTree = "<group>"; };
		B440C87C1DE7D11D000798B0 /* Wrappers.pbobjc.m */ = {isa = PBXFileReference; fileEncoding = 4; lastKnownFileType = sourcecode.c.objc; path = Wrappers.pbobjc.m; sourceTree = "<group>"; };
		B440C8871DE7E3CB000798B0 /* Person.proto */ = {isa = PBXFileReference; fileEncoding = 4; lastKnownFileType = text; path = Person.proto; sourceTree = "<group>"; };
/* End PBXFileReference section */

/* Begin PBXFrameworksBuildPhase section */
		B440C7CB1DE7CE28000798B0 /* Frameworks */ = {
			isa = PBXFrameworksBuildPhase;
			buildActionMask = 2147483647;
			files = (
			);
			runOnlyForDeploymentPostprocessing = 0;
		};
/* End PBXFrameworksBuildPhase section */

/* Begin PBXGroup section */
		B440C7C51DE7CE28000798B0 = {
			isa = PBXGroup;
			children = (
				B440C7D01DE7CE29000798B0 /* GBPDemo */,
				B440C7CF1DE7CE29000798B0 /* Products */,
			);
			sourceTree = "<group>";
		};
		B440C7CF1DE7CE29000798B0 /* Products */ = {
			isa = PBXGroup;
			children = (
				B440C7CE1DE7CE29000798B0 /* GBPDemo.app */,
			);
			name = Products;
			sourceTree = "<group>";
		};
		B440C7D01DE7CE29000798B0 /* GBPDemo */ = {
			isa = PBXGroup;
			children = (
				B440C7D41DE7CE29000798B0 /* AppDelegate.h */,
				B440C7D51DE7CE29000798B0 /* AppDelegate.m */,
				B440C8871DE7E3CB000798B0 /* Person.proto */,
				B440C7E81DE7CE7E000798B0 /* Person.pbobjc.h */,
				B440C7E91DE7CE7E000798B0 /* Person.pbobjc.m */,
				B440C8671DE7D11D000798B0 /* google */,
				B440C82C1DE7D0A1000798B0 /* gpb2 */,
				B440C7D71DE7CE29000798B0 /* ViewController.h */,
				B440C7D81DE7CE29000798B0 /* ViewController.m */,
				B440C7DA1DE7CE29000798B0 /* Main.storyboard */,
				B440C7DD1DE7CE29000798B0 /* Assets.xcassets */,
				B440C7DF1DE7CE29000798B0 /* LaunchScreen.storyboard */,
				B440C7E21DE7CE29000798B0 /* Info.plist */,
				B440C7D11DE7CE29000798B0 /* Supporting Files */,
			);
			path = GBPDemo;
			sourceTree = "<group>";
		};
		B440C7D11DE7CE29000798B0 /* Supporting Files */ = {
			isa = PBXGroup;
			children = (
				B440C7D21DE7CE29000798B0 /* main.m */,
			);
			name = "Supporting Files";
			sourceTree = "<group>";
		};
		B440C82C1DE7D0A1000798B0 /* gpb2 */ = {
			isa = PBXGroup;
			children = (
				B440C82D1DE7D0A1000798B0 /* GPBArray.h */,
				B440C82E1DE7D0A1000798B0 /* GPBArray.m */,
				B440C82F1DE7D0A1000798B0 /* GPBArray_PackagePrivate.h */,
				B440C8301DE7D0A1000798B0 /* GPBBootstrap.h */,
				B440C8311DE7D0A1000798B0 /* GPBCodedInputStream.h */,
				B440C8321DE7D0A1000798B0 /* GPBCodedInputStream.m */,
				B440C8331DE7D0A1000798B0 /* GPBCodedInputStream_PackagePrivate.h */,
				B440C8341DE7D0A1000798B0 /* GPBCodedOutputStream.h */,
				B440C8351DE7D0A1000798B0 /* GPBCodedOutputStream.m */,
				B440C8361DE7D0A1000798B0 /* GPBCodedOutputStream_PackagePrivate.h */,
				B440C8371DE7D0A1000798B0 /* GPBDescriptor.h */,
				B440C8381DE7D0A1000798B0 /* GPBDescriptor.m */,
				B440C8391DE7D0A1000798B0 /* GPBDescriptor_PackagePrivate.h */,
				B440C83A1DE7D0A1000798B0 /* GPBDictionary.h */,
				B440C83B1DE7D0A1000798B0 /* GPBDictionary.m */,
				B440C83C1DE7D0A1000798B0 /* GPBDictionary_PackagePrivate.h */,
				B440C83D1DE7D0A1000798B0 /* GPBExtensionInternals.h */,
				B440C83E1DE7D0A1000798B0 /* GPBExtensionInternals.m */,
				B440C83F1DE7D0A1000798B0 /* GPBExtensionRegistry.h */,
				B440C8401DE7D0A1000798B0 /* GPBExtensionRegistry.m */,
				B440C8411DE7D0A1000798B0 /* GPBMessage.h */,
				B440C8421DE7D0A1000798B0 /* GPBMessage.m */,
				B440C8431DE7D0A1000798B0 /* GPBMessage_PackagePrivate.h */,
				B440C8441DE7D0A1000798B0 /* GPBProtocolBuffers.h */,
				B440C8461DE7D0A1000798B0 /* GPBProtocolBuffers_RuntimeSupport.h */,
				B440C8471DE7D0A1000798B0 /* GPBRootObject.h */,
				B440C8481DE7D0A1000798B0 /* GPBRootObject.m */,
				B440C8491DE7D0A1000798B0 /* GPBRootObject_PackagePrivate.h */,
				B440C84A1DE7D0A1000798B0 /* GPBRuntimeTypes.h */,
				B440C84B1DE7D0A1000798B0 /* GPBUnknownField.h */,
				B440C84C1DE7D0A1000798B0 /* GPBUnknownField.m */,
				B440C84D1DE7D0A1000798B0 /* GPBUnknownField_PackagePrivate.h */,
				B440C84E1DE7D0A1000798B0 /* GPBUnknownFieldSet.h */,
				B440C84F1DE7D0A1000798B0 /* GPBUnknownFieldSet.m */,
				B440C8501DE7D0A1000798B0 /* GPBUnknownFieldSet_PackagePrivate.h */,
				B440C8511DE7D0A1000798B0 /* GPBUtilities.h */,
				B440C8521DE7D0A1000798B0 /* GPBUtilities.m */,
				B440C8531DE7D0A1000798B0 /* GPBUtilities_PackagePrivate.h */,
				B440C8541DE7D0A1000798B0 /* GPBWellKnownTypes.h */,
				B440C8551DE7D0A1000798B0 /* GPBWellKnownTypes.m */,
				B440C8561DE7D0A1000798B0 /* GPBWireFormat.h */,
				B440C8571DE7D0A1000798B0 /* GPBWireFormat.m */,
			);
			path = gpb2;
			sourceTree = "<group>";
		};
		B440C8671DE7D11D000798B0 /* google */ = {
			isa = PBXGroup;
			children = (
				B440C8681DE7D11D000798B0 /* protobuf */,
			);
			path = google;
			sourceTree = "<group>";
		};
		B440C8681DE7D11D000798B0 /* protobuf */ = {
			isa = PBXGroup;
			children = (
				B440C8691DE7D11D000798B0 /* Any.pbobjc.h */,
				B440C86A1DE7D11D000798B0 /* Any.pbobjc.m */,
				B440C86B1DE7D11D000798B0 /* Api.pbobjc.h */,
				B440C86C1DE7D11D000798B0 /* Api.pbobjc.m */,
				B440C86D1DE7D11D000798B0 /* Duration.pbobjc.h */,
				B440C86E1DE7D11D000798B0 /* Duration.pbobjc.m */,
				B440C86F1DE7D11D000798B0 /* Empty.pbobjc.h */,
				B440C8701DE7D11D000798B0 /* Empty.pbobjc.m */,
				B440C8711DE7D11D000798B0 /* FieldMask.pbobjc.h */,
				B440C8721DE7D11D000798B0 /* FieldMask.pbobjc.m */,
				B440C8731DE7D11D000798B0 /* SourceContext.pbobjc.h */,
				B440C8741DE7D11D000798B0 /* SourceContext.pbobjc.m */,
				B440C8751DE7D11D000798B0 /* Struct.pbobjc.h */,
				B440C8761DE7D11D000798B0 /* Struct.pbobjc.m */,
				B440C8771DE7D11D000798B0 /* Timestamp.pbobjc.h */,
				B440C8781DE7D11D000798B0 /* Timestamp.pbobjc.m */,
				B440C8791DE7D11D000798B0 /* Type.pbobjc.h */,
				B440C87A1DE7D11D000798B0 /* Type.pbobjc.m */,
				B440C87B1DE7D11D000798B0 /* Wrappers.pbobjc.h */,
				B440C87C1DE7D11D000798B0 /* Wrappers.pbobjc.m */,
			);
			path = protobuf;
			sourceTree = "<group>";
		};
/* End PBXGroup section */

/* Begin PBXNativeTarget section */
		B440C7CD1DE7CE28000798B0 /* GBPDemo */ = {
			isa = PBXNativeTarget;
			buildConfigurationList = B440C7E51DE7CE29000798B0 /* Build configuration list for PBXNativeTarget "GBPDemo" */;
			buildPhases = (
				B440C7CA1DE7CE28000798B0 /* Sources */,
				B440C7CB1DE7CE28000798B0 /* Frameworks */,
				B440C7CC1DE7CE28000798B0 /* Resources */,
			);
			buildRules = (
			);
			dependencies = (
			);
			name = GBPDemo;
			productName = GBPDemo;
			productReference = B440C7CE1DE7CE29000798B0 /* GBPDemo.app */;
			productType = "com.apple.product-type.application";
		};
/* End PBXNativeTarget section */

/* Begin PBXProject section */
		B440C7C61DE7CE28000798B0 /* Project object */ = {
			isa = PBXProject;
			attributes = {
				LastUpgradeCheck = 0730;
				ORGANIZATIONNAME = "dev.keke@gmail.com";
				TargetAttributes = {
					B440C7CD1DE7CE28000798B0 = {
						CreatedOnToolsVersion = 7.3.1;
					};
				};
			};
			buildConfigurationList = B440C7C91DE7CE28000798B0 /* Build configuration list for PBXProject "GBPDemo" */;
			compatibilityVersion = "Xcode 3.2";
			developmentRegion = English;
			hasScannedForEncodings = 0;
			knownRegions = (
				en,
				Base,
			);
			mainGroup = B440C7C51DE7CE28000798B0;
			productRefGroup = B440C7CF1DE7CE29000798B0 /* Products */;
			projectDirPath = "";
			projectRoot = "";
			targets = (
				B440C7CD1DE7CE28000798B0 /* GBPDemo */,
			);
		};
/* End PBXProject section */

/* Begin PBXResourcesBuildPhase section */
		B440C7CC1DE7CE28000798B0 /* Resources */ = {
			isa = PBXResourcesBuildPhase;
			buildActionMask = 2147483647;
			files = (
				B440C7E11DE7CE29000798B0 /* LaunchScreen.storyboard in Resources */,
				B440C8881DE7E3CB000798B0 /* Person.proto in Resources */,
				B440C7DE1DE7CE29000798B0 /* Assets.xcassets in Resources */,
				B440C7DC1DE7CE29000798B0 /* Main.storyboard in Resources */,
			);
			runOnlyForDeploymentPostprocessing = 0;
		};
/* End PBXResourcesBuildPhase section */

/* Begin PBXSourcesBuildPhase section */
		B440C7CA1DE7CE28000798B0 /* Sources */ = {
			isa = PBXSourcesBuildPhase;
			buildActionMask = 2147483647;
			files = (
				B440C87F1DE7D11D000798B0 /* Duration.pbobjc.m in Sources */,
				B440C8661DE7D0A1000798B0 /* GPBWireFormat.m in Sources */,
				B440C7D91DE7CE29000798B0 /* ViewController.m in Sources */,
				B440C85F1DE7D0A1000798B0 /* GPBMessage.m in Sources */,
				B440C8861DE7D11D000798B0 /* Wrappers.pbobjc.m in Sources */,
				B440C85C1DE7D0A1000798B0 /* GPBDictionary.m in Sources */,
				B440C87E1DE7D11D000798B0 /* Api.pbobjc.m in Sources */,
				B440C8801DE7D11D000798B0 /* Empty.pbobjc.m in Sources */,
				B440C8841DE7D11D000798B0 /* Timestamp.pbobjc.m in Sources */,
				B440C85D1DE7D0A1000798B0 /* GPBExtensionInternals.m in Sources */,
				B440C7D61DE7CE29000798B0 /* AppDelegate.m in Sources */,
				B440C8621DE7D0A1000798B0 /* GPBUnknownField.m in Sources */,
				B440C8811DE7D11D000798B0 /* FieldMask.pbobjc.m in Sources */,
				B440C8651DE7D0A1000798B0 /* GPBWellKnownTypes.m in Sources */,
				B440C8641DE7D0A1000798B0 /* GPBUtilities.m in Sources */,
				B440C85B1DE7D0A1000798B0 /* GPBDescriptor.m in Sources */,
				B440C8631DE7D0A1000798B0 /* GPBUnknownFieldSet.m in Sources */,
				B440C8591DE7D0A1000798B0 /* GPBCodedInputStream.m in Sources */,
				B440C8831DE7D11D000798B0 /* Struct.pbobjc.m in Sources */,
				B440C87D1DE7D11D000798B0 /* Any.pbobjc.m in Sources */,
				B440C8851DE7D11D000798B0 /* Type.pbobjc.m in Sources */,
				B440C8821DE7D11D000798B0 /* SourceContext.pbobjc.m in Sources */,
				B440C8581DE7D0A1000798B0 /* GPBArray.m in Sources */,
				B440C7D31DE7CE29000798B0 /* main.m in Sources */,
				B440C8611DE7D0A1000798B0 /* GPBRootObject.m in Sources */,
				B440C85E1DE7D0A1000798B0 /* GPBExtensionRegistry.m in Sources */,
				B440C85A1DE7D0A1000798B0 /* GPBCodedOutputStream.m in Sources */,
				B440C7EA1DE7CE7E000798B0 /* Person.pbobjc.m in Sources */,
			);
			runOnlyForDeploymentPostprocessing = 0;
		};
/* End PBXSourcesBuildPhase section */

/* Begin PBXVariantGroup section */
		B440C7DA1DE7CE29000798B0 /* Main.storyboard */ = {
			isa = PBXVariantGroup;
			children = (
				B440C7DB1DE7CE29000798B0 /* Base */,
			);
			name = Main.storyboard;
			sourceTree = "<group>";
		};
		B440C7DF1DE7CE29000798B0 /* LaunchScreen.storyboard */ = {
			isa = PBXVariantGroup;
			children = (
				B440C7E01DE7CE29000798B0 /* Base */,
			);
			name = LaunchScreen.storyboard;
			sourceTree = "<group>";
		};
/* End PBXVariantGroup section */

/* Begin XCBuildConfiguration section */
		B440C7E31DE7CE29000798B0 /* Debug */ = {
			isa = XCBuildConfiguration;
			buildSettings = {
				ALWAYS_SEARCH_USER_PATHS = NO;
				CLANG_ANALYZER_NONNULL = YES;
				CLANG_CXX_LANGUAGE_STANDARD = "gnu++0x";
				CLANG_CXX_LIBRARY = "libc++";
				CLANG_ENABLE_MODULES = YES;
				CLANG_ENABLE_OBJC_ARC = YES;
				CLANG_WARN_BOOL_CONVERSION = YES;
				CLANG_WARN_CONSTANT_CONVERSION = YES;
				CLANG_WARN_DIRECT_OBJC_ISA_USAGE = YES_ERROR;
				CLANG_WARN_EMPTY_BODY = YES;
				CLANG_WARN_ENUM_CONVERSION = YES;
				CLANG_WARN_INT_CONVERSION = YES;
				CLANG_WARN_OBJC_ROOT_CLASS = YES_ERROR;
				CLANG_WARN_UNREACHABLE_CODE = YES;
				CLANG_WARN__DUPLICATE_METHOD_MATCH = YES;
				"CODE_SIGN_IDENTITY[sdk=iphoneos*]" = "iPhone Developer";
				COPY_PHASE_STRIP = NO;
				DEBUG_INFORMATION_FORMAT = dwarf;
				ENABLE_STRICT_OBJC_MSGSEND = YES;
				ENABLE_TESTABILITY = YES;
				GCC_C_LANGUAGE_STANDARD = gnu99;
				GCC_DYNAMIC_NO_PIC = NO;
				GCC_NO_COMMON_BLOCKS = YES;
				GCC_OPTIMIZATION_LEVEL = 0;
				GCC_PREPROCESSOR_DEFINITIONS = (
					"DEBUG=1",
					"$(inherited)",
				);
				GCC_WARN_64_TO_32_BIT_CONVERSION = YES;
				GCC_WARN_ABOUT_RETURN_TYPE = YES_ERROR;
				GCC_WARN_UNDECLARED_SELECTOR = YES;
				GCC_WARN_UNINITIALIZED_AUTOS = YES_AGGRESSIVE;
				GCC_WARN_UNUSED_FUNCTION = YES;
				GCC_WARN_UNUSED_VARIABLE = YES;
				IPHONEOS_DEPLOYMENT_TARGET = 8.0;
				MTL_ENABLE_DEBUG_INFO = YES;
				ONLY_ACTIVE_ARCH = YES;
				SDKROOT = iphoneos;
			};
			name = Debug;
		};
		B440C7E41DE7CE29000798B0 /* Release */ = {
			isa = XCBuildConfiguration;
			buildSettings = {
				ALWAYS_SEARCH_USER_PATHS = NO;
				CLANG_ANALYZER_NONNULL = YES;
				CLANG_CXX_LANGUAGE_STANDARD = "gnu++0x";
				CLANG_CXX_LIBRARY = "libc++";
				CLANG_ENABLE_MODULES = YES;
				CLANG_ENABLE_OBJC_ARC = YES;
				CLANG_WARN_BOOL_CONVERSION = YES;
				CLANG_WARN_CONSTANT_CONVERSION = YES;
				CLANG_WARN_DIRECT_OBJC_ISA_USAGE = YES_ERROR;
				CLANG_WARN_EMPTY_BODY = YES;
				CLANG_WARN_ENUM_CONVERSION = YES;
				CLANG_WARN_INT_CONVERSION = YES;
				CLANG_WARN_OBJC_ROOT_CLASS = YES_ERROR;
				CLANG_WARN_UNREACHABLE_CODE = YES;
				CLANG_WARN__DUPLICATE_METHOD_MATCH = YES;
				"CODE_SIGN_IDENTITY[sdk=iphoneos*]" = "iPhone Developer";
				COPY_PHASE_STRIP = NO;
				DEBUG_INFORMATION_FORMAT = "dwarf-with-dsym";
				ENABLE_NS_ASSERTIONS = NO;
				ENABLE_STRICT_OBJC_MSGSEND = YES;
				GCC_C_LANGUAGE_STANDARD = gnu99;
				GCC_NO_COMMON_BLOCKS = YES;
				GCC_WARN_64_TO_32_BIT_CONVERSION = YES;
				GCC_WARN_ABOUT_RETURN_TYPE = YES_ERROR;
				GCC_WARN_UNDECLARED_SELECTOR = YES;
				GCC_WARN_UNINITIALIZED_AUTOS = YES_AGGRESSIVE;
				GCC_WARN_UNUSED_FUNCTION = YES;
				GCC_WARN_UNUSED_VARIABLE = YES;
				IPHONEOS_DEPLOYMENT_TARGET = 8.0;
				MTL_ENABLE_DEBUG_INFO = NO;
				SDKROOT = iphoneos;
				VALIDATE_PRODUCT = YES;
			};
			name = Release;
		};
		B440C7E61DE7CE29000798B0 /* Debug */ = {
			isa = XCBuildConfiguration;
			buildSettings = {
				ASSETCATALOG_COMPILER_APPICON_NAME = AppIcon;
				CLANG_ENABLE_OBJC_ARC = NO;
				HEADER_SEARCH_PATHS = "$(PROJECT_DIR)/GBPDemo";
				INFOPLIST_FILE = GBPDemo/Info.plist;
				LD_RUNPATH_SEARCH_PATHS = "$(inherited) @executable_path/Frameworks";
				LIBRARY_SEARCH_PATHS = (
					"$(inherited)",
					"$(PROJECT_DIR)/GBPDemo",
					"$(PROJECT_DIR)/GBPDemo/Gprotocb",
				);
				PRODUCT_BUNDLE_IDENTIFIER = com.cocoa.GBPDemo;
				PRODUCT_NAME = "$(TARGET_NAME)";
			};
			name = Debug;
		};
		B440C7E71DE7CE29000798B0 /* Release */ = {
			isa = XCBuildConfiguration;
			buildSettings = {
				ASSETCATALOG_COMPILER_APPICON_NAME = AppIcon;
				CLANG_ENABLE_OBJC_ARC = NO;
				HEADER_SEARCH_PATHS = "$(PROJECT_DIR)/GBPDemo";
				INFOPLIST_FILE = GBPDemo/Info.plist;
				LD_RUNPATH_SEARCH_PATHS = "$(inherited) @executable_path/Frameworks";
				LIBRARY_SEARCH_PATHS = (
					"$(inherited)",
					"$(PROJECT_DIR)/GBPDemo",
					"$(PROJECT_DIR)/GBPDemo/Gprotocb",
				);
				PRODUCT_BUNDLE_IDENTIFIER = com.cocoa.GBPDemo;
				PRODUCT_NAME = "$(TARGET_NAME)";
			};
			name = Release;
		};
/* End XCBuildConfiguration section */

/* Begin XCConfigurationList section */
		B440C7C91DE7CE28000798B0 /* Build configuration list for PBXProject "GBPDemo" */ = {
			isa = XCConfigurationList;
			buildConfigurations = (
				B440C7E31DE7CE29000798B0 /* Debug */,
				B440C7E41DE7CE29000798B0 /* Release */,
			);
			defaultConfigurationIsVisible = 0;
			defaultConfigurationName = Release;
		};
		B440C7E51DE7CE29000798B0 /* Build configuration list for PBXNativeTarget "GBPDemo" */ = {
			isa = XCConfigurationList;
			buildConfigurations = (
				B440C7E61DE7CE29000798B0 /* Debug */,
				B440C7E71DE7CE29000798B0 /* Release */,
			);
			defaultConfigurationIsVisible = 0;
		};
/* End XCConfigurationList section */
	};
	rootObject = B440C7C61DE7CE28000798B0 /* Project object */;
}
