// !$*UTF8*$!
{
	archiveVersion = 1;
	classes = {
	};
	objectVersion = 46;
	objects = {

/* Begin PBXBuildFile section */
		DC4E5D281AA82198008453DB /* main.m in Sources */ = {isa = PBXBuildFile; fileRef = DC4E5D271AA82198008453DB /* main.m */; };
		DC4E5D2B1AA82198008453DB /* AppDelegate.m in Sources */ = {isa = PBXBuildFile; fileRef = DC4E5D2A1AA82198008453DB /* AppDelegate.m */; };
		DC4E5D2E1AA82198008453DB /* ViewController.m in Sources */ = {isa = PBXBuildFile; fileRef = DC4E5D2D1AA82198008453DB /* ViewController.m */; };
		DC4E5D311AA82198008453DB /* Main.storyboard in Resources */ = {isa = PBXBuildFile; fileRef = DC4E5D2F1AA82198008453DB /* Main.storyboard */; };
		DC4E5D331AA82198008453DB /* Images.xcassets in Resources */ = {isa = PBXBuildFile; fileRef = DC4E5D321AA82198008453DB /* Images.xcassets */; };
		DC4E5D361AA82198008453DB /* LaunchScreen.xib in Resources */ = {isa = PBXBuildFile; fileRef = DC4E5D341AA82198008453DB /* LaunchScreen.xib */; };
		DC4E5D421AA82198008453DB /* CookieTestTests.m in Sources */ = {isa = PBXBuildFile; fileRef = DC4E5D411AA82198008453DB /* CookieTestTests.m */; };
		DC4E5D511AA821EA008453DB /* SVHTTPClient.m in Sources */ = {isa = PBXBuildFile; fileRef = DC4E5D4E1AA821EA008453DB /* SVHTTPClient.m */; };
		DC4E5D521AA821EA008453DB /* SVHTTPRequest.m in Sources */ = {isa = PBXBuildFile; fileRef = DC4E5D501AA821EA008453DB /* SVHTTPRequest.m */; };
/* End PBXBuildFile section */

/* Begin PBXContainerItemProxy section */
		DC4E5D3C1AA82198008453DB /* PBXContainerItemProxy */ = {
			isa = PBXContainerItemProxy;
			containerPortal = DC4E5D1A1AA82198008453DB /* Project object */;
			proxyType = 1;
			remoteGlobalIDString = DC4E5D211AA82198008453DB;
			remoteInfo = CookieTest;
		};
/* End PBXContainerItemProxy section */

/* Begin PBXFileReference section */
		DC4E5D221AA82198008453DB /* CookieTest.app */ = {isa = PBXFileReference; explicitFileType = wrapper.application; includeInIndex = 0; path = CookieTest.app; sourceTree = BUILT_PRODUCTS_DIR; };
		DC4E5D261AA82198008453DB /* Info.plist */ = {isa = PBXFileReference; lastKnownFileType = text.plist.xml; path = Info.plist; sourceTree = "<group>"; };
		DC4E5D271AA82198008453DB /* main.m */ = {isa = PBXFileReference; lastKnownFileType = sourcecode.c.objc; path = main.m; sourceTree = "<group>"; };
		DC4E5D291AA82198008453DB /* AppDelegate.h */ = {isa = PBXFileReference; lastKnownFileType = sourcecode.c.h; path = AppDelegate.h; sourceTree = "<group>"; };
		DC4E5D2A1AA82198008453DB /* AppDelegate.m */ = {isa = PBXFileReference; lastKnownFileType = sourcecode.c.objc; path = AppDelegate.m; sourceTree = "<group>"; };
		DC4E5D2C1AA82198008453DB /* ViewController.h */ = {isa = PBXFileReference; lastKnownFileType = sourcecode.c.h; path = ViewController.h; sourceTree = "<group>"; };
		DC4E5D2D1AA82198008453DB /* ViewController.m */ = {isa = PBXFileReference; lastKnownFileType = sourcecode.c.objc; path = ViewController.m; sourceTree = "<group>"; };
		DC4E5D301AA82198008453DB /* Base */ = {isa = PBXFileReference; lastKnownFileType = file.storyboard; name = Base; path = Base.lproj/Main.storyboard; sourceTree = "<group>"; };
		DC4E5D321AA82198008453DB /* Images.xcassets */ = {isa = PBXFileReference; lastKnownFileType = folder.assetcatalog; path = Images.xcassets; sourceTree = "<group>"; };
		DC4E5D351AA82198008453DB /* Base */ = {isa = PBXFileReference; lastKnownFileType = file.xib; name = Base; path = Base.lproj/LaunchScreen.xib; sourceTree = "<group>"; };
		DC4E5D3B1AA82198008453DB /* CookieTestTests.xctest */ = {isa = PBXFileReference; explicitFileType = wrapper.cfbundle; includeInIndex = 0; path = CookieTestTests.xctest; sourceTree = BUILT_PRODUCTS_DIR; };
		DC4E5D401AA82198008453DB /* Info.plist */ = {isa = PBXFileReference; lastKnownFileType = text.plist.xml; path = Info.plist; sourceTree = "<group>"; };
		DC4E5D411AA82198008453DB /* CookieTestTests.m */ = {isa = PBXFileReference; lastKnownFileType = sourcecode.c.objc; path = CookieTestTests.m; sourceTree = "<group>"; };
		DC4E5D4D1AA821EA008453DB /* SVHTTPClient.h */ = {isa = PBXFileReference; fileEncoding = 4; lastKnownFileType = sourcecode.c.h; path = SVHTTPClient.h; sourceTree = "<group>"; };
		DC4E5D4E1AA821EA008453DB /* SVHTTPClient.m */ = {isa = PBXFileReference; fileEncoding = 4; lastKnownFileType = sourcecode.c.objc; path = SVHTTPClient.m; sourceTree = "<group>"; };
		DC4E5D4F1AA821EA008453DB /* SVHTTPRequest.h */ = {isa = PBXFileReference; fileEncoding = 4; lastKnownFileType = sourcecode.c.h; path = SVHTTPRequest.h; sourceTree = "<group>"; };
		DC4E5D501AA821EA008453DB /* SVHTTPRequest.m */ = {isa = PBXFileReference; fileEncoding = 4; lastKnownFileType = sourcecode.c.objc; path = SVHTTPRequest.m; sourceTree = "<group>"; };
/* End PBXFileReference section */

/* Begin PBXFrameworksBuildPhase section */
		DC4E5D1F1AA82198008453DB /* Frameworks */ = {
			isa = PBXFrameworksBuildPhase;
			buildActionMask = 2147483647;
			files = (
			);
			runOnlyForDeploymentPostprocessing = 0;
		};
		DC4E5D381AA82198008453DB /* Frameworks */ = {
			isa = PBXFrameworksBuildPhase;
			buildActionMask = 2147483647;
			files = (
			);
			runOnlyForDeploymentPostprocessing = 0;
		};
/* End PBXFrameworksBuildPhase section */

/* Begin PBXGroup section */
		DC4E5D191AA82198008453DB = {
			isa = PBXGroup;
			children = (
				DC4E5D241AA82198008453DB /* CookieTest */,
				DC4E5D3E1AA82198008453DB /* CookieTestTests */,
				DC4E5D231AA82198008453DB /* Products */,
			);
			sourceTree = "<group>";
		};
		DC4E5D231AA82198008453DB /* Products */ = {
			isa = PBXGroup;
			children = (
				DC4E5D221AA82198008453DB /* CookieTest.app */,
				DC4E5D3B1AA82198008453DB /* CookieTestTests.xctest */,
			);
			name = Products;
			sourceTree = "<group>";
		};
		DC4E5D241AA82198008453DB /* CookieTest */ = {
			isa = PBXGroup;
			children = (
				DC4E5D291AA82198008453DB /* AppDelegate.h */,
				DC4E5D2A1AA82198008453DB /* AppDelegate.m */,
				DC4E5D2C1AA82198008453DB /* ViewController.h */,
				DC4E5D2D1AA82198008453DB /* ViewController.m */,
				DC4E5D4C1AA821EA008453DB /* SVHTTPRequest */,
				DC4E5D2F1AA82198008453DB /* Main.storyboard */,
				DC4E5D321AA82198008453DB /* Images.xcassets */,
				DC4E5D341AA82198008453DB /* LaunchScreen.xib */,
				DC4E5D251AA82198008453DB /* Supporting Files */,
			);
			path = CookieTest;
			sourceTree = "<group>";
		};
		DC4E5D251AA82198008453DB /* Supporting Files */ = {
			isa = PBXGroup;
			children = (
				DC4E5D261AA82198008453DB /* Info.plist */,
				DC4E5D271AA82198008453DB /* main.m */,
			);
			name = "Supporting Files";
			sourceTree = "<group>";
		};
		DC4E5D3E1AA82198008453DB /* CookieTestTests */ = {
			isa = PBXGroup;
			children = (
				DC4E5D411AA82198008453DB /* CookieTestTests.m */,
				DC4E5D3F1AA82198008453DB /* Supporting Files */,
			);
			path = CookieTestTests;
			sourceTree = "<group>";
		};
		DC4E5D3F1AA82198008453DB /* Supporting Files */ = {
			isa = PBXGroup;
			children = (
				DC4E5D401AA82198008453DB /* Info.plist */,
			);
			name = "Supporting Files";
			sourceTree = "<group>";
		};
		DC4E5D4C1AA821EA008453DB /* SVHTTPRequest */ = {
			isa = PBXGroup;
			children = (
				DC4E5D4D1AA821EA008453DB /* SVHTTPClient.h */,
				DC4E5D4E1AA821EA008453DB /* SVHTTPClient.m */,
				DC4E5D4F1AA821EA008453DB /* SVHTTPRequest.h */,
				DC4E5D501AA821EA008453DB /* SVHTTPRequest.m */,
			);
			path = SVHTTPRequest;
			sourceTree = "<group>";
		};
/* End PBXGroup section */

/* Begin PBXNativeTarget section */
		DC4E5D211AA82198008453DB /* CookieTest */ = {
			isa = PBXNativeTarget;
			buildConfigurationList = DC4E5D451AA82198008453DB /* Build configuration list for PBXNativeTarget "CookieTest" */;
			buildPhases = (
				DC4E5D1E1AA82198008453DB /* Sources */,
				DC4E5D1F1AA82198008453DB /* Frameworks */,
				DC4E5D201AA82198008453DB /* Resources */,
			);
			buildRules = (
			);
			dependencies = (
			);
			name = CookieTest;
			productName = CookieTest;
			productReference = DC4E5D221AA82198008453DB /* CookieTest.app */;
			productType = "com.apple.product-type.application";
		};
		DC4E5D3A1AA82198008453DB /* CookieTestTests */ = {
			isa = PBXNativeTarget;
			buildConfigurationList = DC4E5D481AA82198008453DB /* Build configuration list for PBXNativeTarget "CookieTestTests" */;
			buildPhases = (
				DC4E5D371AA82198008453DB /* Sources */,
				DC4E5D381AA82198008453DB /* Frameworks */,
				DC4E5D391AA82198008453DB /* Resources */,
			);
			buildRules = (
			);
			dependencies = (
				DC4E5D3D1AA82198008453DB /* PBXTargetDependency */,
			);
			name = CookieTestTests;
			productName = CookieTestTests;
			productReference = DC4E5D3B1AA82198008453DB /* CookieTestTests.xctest */;
			productType = "com.apple.product-type.bundle.unit-test";
		};
/* End PBXNativeTarget section */

/* Begin PBXProject section */
		DC4E5D1A1AA82198008453DB /* Project object */ = {
			isa = PBXProject;
			attributes = {
				LastUpgradeCheck = 0610;
				ORGANIZATIONNAME = www.techshino.com;
				TargetAttributes = {
					DC4E5D211AA82198008453DB = {
						CreatedOnToolsVersion = 6.1.1;
					};
					DC4E5D3A1AA82198008453DB = {
						CreatedOnToolsVersion = 6.1.1;
						TestTargetID = DC4E5D211AA82198008453DB;
					};
				};
			};
			buildConfigurationList = DC4E5D1D1AA82198008453DB /* Build configuration list for PBXProject "CookieTest" */;
			compatibilityVersion = "Xcode 3.2";
			developmentRegion = English;
			hasScannedForEncodings = 0;
			knownRegions = (
				en,
				Base,
			);
			mainGroup = DC4E5D191AA82198008453DB;
			productRefGroup = DC4E5D231AA82198008453DB /* Products */;
			projectDirPath = "";
			projectRoot = "";
			targets = (
				DC4E5D211AA82198008453DB /* CookieTest */,
				DC4E5D3A1AA82198008453DB /* CookieTestTests */,
			);
		};
/* End PBXProject section */

/* Begin PBXResourcesBuildPhase section */
		DC4E5D201AA82198008453DB /* Resources */ = {
			isa = PBXResourcesBuildPhase;
			buildActionMask = 2147483647;
			files = (
				DC4E5D311AA82198008453DB /* Main.storyboard in Resources */,
				DC4E5D361AA82198008453DB /* LaunchScreen.xib in Resources */,
				DC4E5D331AA82198008453DB /* Images.xcassets in Resources */,
			);
			runOnlyForDeploymentPostprocessing = 0;
		};
		DC4E5D391AA82198008453DB /* Resources */ = {
			isa = PBXResourcesBuildPhase;
			buildActionMask = 2147483647;
			files = (
			);
			runOnlyForDeploymentPostprocessing = 0;
		};
/* End PBXResourcesBuildPhase section */

/* Begin PBXSourcesBuildPhase section */
		DC4E5D1E1AA82198008453DB /* Sources */ = {
			isa = PBXSourcesBuildPhase;
			buildActionMask = 2147483647;
			files = (
				DC4E5D521AA821EA008453DB /* SVHTTPRequest.m in Sources */,
				DC4E5D2E1AA82198008453DB /* ViewController.m in Sources */,
				DC4E5D511AA821EA008453DB /* SVHTTPClient.m in Sources */,
				DC4E5D2B1AA82198008453DB /* AppDelegate.m in Sources */,
				DC4E5D281AA82198008453DB /* main.m in Sources */,
			);
			runOnlyForDeploymentPostprocessing = 0;
		};
		DC4E5D371AA82198008453DB /* Sources */ = {
			isa = PBXSourcesBuildPhase;
			buildActionMask = 2147483647;
			files = (
				DC4E5D421AA82198008453DB /* CookieTestTests.m in Sources */,
			);
			runOnlyForDeploymentPostprocessing = 0;
		};
/* End PBXSourcesBuildPhase section */

/* Begin PBXTargetDependency section */
		DC4E5D3D1AA82198008453DB /* PBXTargetDependency */ = {
			isa = PBXTargetDependency;
			target = DC4E5D211AA82198008453DB /* CookieTest */;
			targetProxy = DC4E5D3C1AA82198008453DB /* PBXContainerItemProxy */;
		};
/* End PBXTargetDependency section */

/* Begin PBXVariantGroup section */
		DC4E5D2F1AA82198008453DB /* Main.storyboard */ = {
			isa = PBXVariantGroup;
			children = (
				DC4E5D301AA82198008453DB /* Base */,
			);
			name = Main.storyboard;
			sourceTree = "<group>";
		};
		DC4E5D341AA82198008453DB /* LaunchScreen.xib */ = {
			isa = PBXVariantGroup;
			children = (
				DC4E5D351AA82198008453DB /* Base */,
			);
			name = LaunchScreen.xib;
			sourceTree = "<group>";
		};
/* End PBXVariantGroup section */

/* Begin XCBuildConfiguration section */
		DC4E5D431AA82198008453DB /* Debug */ = {
			isa = XCBuildConfiguration;
			buildSettings = {
				ALWAYS_SEARCH_USER_PATHS = NO;
				CLANG_CXX_LANGUAGE_STANDARD = "gnu++0x";
				CLANG_CXX_LIBRARY = "libc++";
				CLANG_ENABLE_MODULES = YES;
				CLANG_ENABLE_OBJC_ARC = YES;
				CLANG_WARN_BOOL_CONVERSION = YES;
				CLANG_WARN_CONSTANT_CONVERSION = YES;
				CLANG_WARN_DIRECT_OBJC_ISA_USAGE = YES_ERROR;
				CLANG_WARN_EMPTY_BODY = YES;
				CLANG_WARN_ENUM_CONVERSION = YES;
				CLANG_WARN_INT_CONVERSION = YES;
				CLANG_WARN_OBJC_ROOT_CLASS = YES_ERROR;
				CLANG_WARN_UNREACHABLE_CODE = YES;
				CLANG_WARN__DUPLICATE_METHOD_MATCH = YES;
				"CODE_SIGN_IDENTITY[sdk=iphoneos*]" = "iPhone Developer";
				COPY_PHASE_STRIP = NO;
				ENABLE_STRICT_OBJC_MSGSEND = YES;
				GCC_C_LANGUAGE_STANDARD = gnu99;
				GCC_DYNAMIC_NO_PIC = NO;
				GCC_OPTIMIZATION_LEVEL = 0;
				GCC_PREPROCESSOR_DEFINITIONS = (
					"DEBUG=1",
					"$(inherited)",
				);
				GCC_SYMBOLS_PRIVATE_EXTERN = NO;
				GCC_WARN_64_TO_32_BIT_CONVERSION = YES;
				GCC_WARN_ABOUT_RETURN_TYPE = YES_ERROR;
				GCC_WARN_UNDECLARED_SELECTOR = YES;
				GCC_WARN_UNINITIALIZED_AUTOS = YES_AGGRESSIVE;
				GCC_WARN_UNUSED_FUNCTION = YES;
				GCC_WARN_UNUSED_VARIABLE = YES;
				IPHONEOS_DEPLOYMENT_TARGET = 8.1;
				MTL_ENABLE_DEBUG_INFO = YES;
				ONLY_ACTIVE_ARCH = YES;
				SDKROOT = iphoneos;
			};
			name = Debug;
		};
		DC4E5D441AA82198008453DB /* Release */ = {
			isa = XCBuildConfiguration;
			buildSettings = {
				ALWAYS_SEARCH_USER_PATHS = NO;
				CLANG_CXX_LANGUAGE_STANDARD = "gnu++0x";
				CLANG_CXX_LIBRARY = "libc++";
				CLANG_ENABLE_MODULES = YES;
				CLANG_ENABLE_OBJC_ARC = YES;
				CLANG_WARN_BOOL_CONVERSION = YES;
				CLANG_WARN_CONSTANT_CONVERSION = YES;
				CLANG_WARN_DIRECT_OBJC_ISA_USAGE = YES_ERROR;
				CLANG_WARN_EMPTY_BODY = YES;
				CLANG_WARN_ENUM_CONVERSION = YES;
				CLANG_WARN_INT_CONVERSION = YES;
				CLANG_WARN_OBJC_ROOT_CLASS = YES_ERROR;
				CLANG_WARN_UNREACHABLE_CODE = YES;
				CLANG_WARN__DUPLICATE_METHOD_MATCH = YES;
				"CODE_SIGN_IDENTITY[sdk=iphoneos*]" = "iPhone Developer";
				COPY_PHASE_STRIP = YES;
				ENABLE_NS_ASSERTIONS = NO;
				ENABLE_STRICT_OBJC_MSGSEND = YES;
				GCC_C_LANGUAGE_STANDARD = gnu99;
				GCC_WARN_64_TO_32_BIT_CONVERSION = YES;
				GCC_WARN_ABOUT_RETURN_TYPE = YES_ERROR;
				GCC_WARN_UNDECLARED_SELECTOR = YES;
				GCC_WARN_UNINITIALIZED_AUTOS = YES_AGGRESSIVE;
				GCC_WARN_UNUSED_FUNCTION = YES;
				GCC_WARN_UNUSED_VARIABLE = YES;
				IPHONEOS_DEPLOYMENT_TARGET = 8.1;
				MTL_ENABLE_DEBUG_INFO = NO;
				SDKROOT = iphoneos;
				VALIDATE_PRODUCT = YES;
			};
			name = Release;
		};
		DC4E5D461AA82198008453DB /* Debug */ = {
			isa = XCBuildConfiguration;
			buildSettings = {
				ASSETCATALOG_COMPILER_APPICON_NAME = AppIcon;
				INFOPLIST_FILE = CookieTest/Info.plist;
				LD_RUNPATH_SEARCH_PATHS = "$(inherited) @executable_path/Frameworks";
				PRODUCT_NAME = "$(TARGET_NAME)";
			};
			name = Debug;
		};
		DC4E5D471AA82198008453DB /* Release */ = {
			isa = XCBuildConfiguration;
			buildSettings = {
				ASSETCATALOG_COMPILER_APPICON_NAME = AppIcon;
				INFOPLIST_FILE = CookieTest/Info.plist;
				LD_RUNPATH_SEARCH_PATHS = "$(inherited) @executable_path/Frameworks";
				PRODUCT_NAME = "$(TARGET_NAME)";
			};
			name = Release;
		};
		DC4E5D491AA82198008453DB /* Debug */ = {
			isa = XCBuildConfiguration;
			buildSettings = {
				BUNDLE_LOADER = "$(TEST_HOST)";
				FRAMEWORK_SEARCH_PATHS = (
					"$(SDKROOT)/Developer/Library/Frameworks",
					"$(inherited)",
				);
				GCC_PREPROCESSOR_DEFINITIONS = (
					"DEBUG=1",
					"$(inherited)",
				);
				INFOPLIST_FILE = CookieTestTests/Info.plist;
				LD_RUNPATH_SEARCH_PATHS = "$(inherited) @executable_path/Frameworks @loader_path/Frameworks";
				PRODUCT_NAME = "$(TARGET_NAME)";
				TEST_HOST = "$(BUILT_PRODUCTS_DIR)/CookieTest.app/CookieTest";
			};
			name = Debug;
		};
		DC4E5D4A1AA82198008453DB /* Release */ = {
			isa = XCBuildConfiguration;
			buildSettings = {
				BUNDLE_LOADER = "$(TEST_HOST)";
				FRAMEWORK_SEARCH_PATHS = (
					"$(SDKROOT)/Developer/Library/Frameworks",
					"$(inherited)",
				);
				INFOPLIST_FILE = CookieTestTests/Info.plist;
				LD_RUNPATH_SEARCH_PATHS = "$(inherited) @executable_path/Frameworks @loader_path/Frameworks";
				PRODUCT_NAME = "$(TARGET_NAME)";
				TEST_HOST = "$(BUILT_PRODUCTS_DIR)/CookieTest.app/CookieTest";
			};
			name = Release;
		};
/* End XCBuildConfiguration section */

/* Begin XCConfigurationList section */
		DC4E5D1D1AA82198008453DB /* Build configuration list for PBXProject "CookieTest" */ = {
			isa = XCConfigurationList;
			buildConfigurations = (
				DC4E5D431AA82198008453DB /* Debug */,
				DC4E5D441AA82198008453DB /* Release */,
			);
			defaultConfigurationIsVisible = 0;
			defaultConfigurationName = Release;
		};
		DC4E5D451AA82198008453DB /* Build configuration list for PBXNativeTarget "CookieTest" */ = {
			isa = XCConfigurationList;
			buildConfigurations = (
				DC4E5D461AA82198008453DB /* Debug */,
				DC4E5D471AA82198008453DB /* Release */,
			);
			defaultConfigurationIsVisible = 0;
		};
		DC4E5D481AA82198008453DB /* Build configuration list for PBXNativeTarget "CookieTestTests" */ = {
			isa = XCConfigurationList;
			buildConfigurations = (
				DC4E5D491AA82198008453DB /* Debug */,
				DC4E5D4A1AA82198008453DB /* Release */,
			);
			defaultConfigurationIsVisible = 0;
		};
/* End XCConfigurationList section */
	};
	rootObject = DC4E5D1A1AA82198008453DB /* Project object */;
}
